
Microsoft Visual Studio Solution File, Format Version 12.00
# Visual Studio Version 16
VisualStudioVersion = 25.0.1703.8
MinimumVisualStudioVersion = 10.0.40219.1
Project("{FAE04EC0-301F-11D3-BF4B-00C04F79EFBC}") = "API-GuacaGnole", "API-GuacaGnole.csproj", "{1DB72B5D-BF22-4D05-BBB6-7B6F1E4FBF8B}"
EndProject
Global
	GlobalSection(SolutionConfigurationPlatforms) = preSolution
		Debug|Any CPU = Debug|Any CPU
		Release|Any CPU = Release|Any CPU
	EndGlobalSection
	GlobalSection(ProjectConfigurationPlatforms) = postSolution
		{1DB72B5D-BF22-4D05-BBB6-7B6F1E4FBF8B}.Debug|Any CPU.ActiveCfg = Debug|Any CPU
		{1DB72B5D-BF22-4D05-BBB6-7B6F1E4FBF8B}.Debug|Any CPU.Build.0 = Debug|Any CPU
		{1DB72B5D-BF22-4D05-BBB6-7B6F1E4FBF8B}.Release|Any CPU.ActiveCfg = Release|Any CPU
		{1DB72B5D-BF22-4D05-BBB6-7B6F1E4FBF8B}.Release|Any CPU.Build.0 = Release|Any CPU
	EndGlobalSection
	GlobalSection(SolutionProperties) = preSolution
		HideSolutionNode = FALSE
	EndGlobalSection
	GlobalSection(ExtensibilityGlobals) = postSolution
		SolutionGuid = {B8F8BDEB-F17E-46AF-BDA7-B52044F508D8}
	EndGlobalSection
EndGlobal
